
Microsoft Visual Studio Solution File, Format Version 12.00
# Visual Studio 15
VisualStudioVersion = 15.0.27004.2002
MinimumVisualStudioVersion = 10.0.40219.1
Project("{FAE04EC0-301F-11D3-BF4B-00C04F79EFBC}") = "NatiMath", "NatiMath\NatiMath.csproj", "{EEAD6685-88D0-4C32-A70C-711F0534DA47}"
EndProject
Global
	GlobalSection(SolutionConfigurationPlatforms) = preSolution
		Debug|Any CPU = Debug|Any CPU
		Release|Any CPU = Release|Any CPU
	EndGlobalSection
	GlobalSection(ProjectConfigurationPlatforms) = postSolution
		{EEAD6685-88D0-4C32-A70C-711F0534DA47}.Debug|Any CPU.ActiveCfg = Debug|Any CPU
		{EEAD6685-88D0-4C32-A70C-711F0534DA47}.Debug|Any CPU.Build.0 = Debug|Any CPU
		{EEAD6685-88D0-4C32-A70C-711F0534DA47}.Release|Any CPU.ActiveCfg = Release|Any CPU
		{EEAD6685-88D0-4C32-A70C-711F0534DA47}.Release|Any CPU.Build.0 = Release|Any CPU
	EndGlobalSection
	GlobalSection(SolutionProperties) = preSolution
		HideSolutionNode = FALSE
	EndGlobalSection
	GlobalSection(ExtensibilityGlobals) = postSolution
		SolutionGuid = {D60DA7B3-533B-4794-99E2-1F3C6506A77C}
	EndGlobalSection
EndGlobal
